// !$*UTF8*$!
{
	archiveVersion = 1;
	classes = {
	};
	objectVersion = 46;
	objects = {

/* Begin PBXBuildFile section */
		43F7425C19D9EFF000F6D8B0 /* main.m in Sources */ = {isa = PBXBuildFile; fileRef = 43F7425B19D9EFF000F6D8B0 /* main.m */; };
		43F7425F19D9EFF000F6D8B0 /* AppDelegate.m in Sources */ = {isa = PBXBuildFile; fileRef = 43F7425E19D9EFF000F6D8B0 /* AppDelegate.m */; };
		43F7426219D9EFF000F6D8B0 /* GameScene.m in Sources */ = {isa = PBXBuildFile; fileRef = 43F7426119D9EFF000F6D8B0 /* GameScene.m */; };
		43F7426419D9EFF000F6D8B0 /* GameScene.sks in Resources */ = {isa = PBXBuildFile; fileRef = 43F7426319D9EFF000F6D8B0 /* GameScene.sks */; };
		43F7426719D9EFF000F6D8B0 /* GameViewController.m in Sources */ = {isa = PBXBuildFile; fileRef = 43F7426619D9EFF000F6D8B0 /* GameViewController.m */; };
		43F7426A19D9EFF000F6D8B0 /* Main.storyboard in Resources */ = {isa = PBXBuildFile; fileRef = 43F7426819D9EFF000F6D8B0 /* Main.storyboard */; };
		43F7426C19D9EFF000F6D8B0 /* Images.xcassets in Resources */ = {isa = PBXBuildFile; fileRef = 43F7426B19D9EFF000F6D8B0 /* Images.xcassets */; };
		43F7426F19D9EFF000F6D8B0 /* LaunchScreen.xib in Resources */ = {isa = PBXBuildFile; fileRef = 43F7426D19D9EFF000F6D8B0 /* LaunchScreen.xib */; };
		43F7427B19D9EFF000F6D8B0 /* Space_CannonTests.m in Sources */ = {isa = PBXBuildFile; fileRef = 43F7427A19D9EFF000F6D8B0 /* Space_CannonTests.m */; };
/* End PBXBuildFile section */

/* Begin PBXContainerItemProxy section */
		43F7427519D9EFF000F6D8B0 /* PBXContainerItemProxy */ = {
			isa = PBXContainerItemProxy;
			containerPortal = 43F7424E19D9EFF000F6D8B0 /* Project object */;
			proxyType = 1;
			remoteGlobalIDString = 43F7425519D9EFF000F6D8B0;
			remoteInfo = "Space Cannon";
		};
/* End PBXContainerItemProxy section */

/* Begin PBXFileReference section */
		43F7425619D9EFF000F6D8B0 /* Space Cannon.app */ = {isa = PBXFileReference; explicitFileType = wrapper.application; includeInIndex = 0; path = "Space Cannon.app"; sourceTree = BUILT_PRODUCTS_DIR; };
		43F7425A19D9EFF000F6D8B0 /* Info.plist */ = {isa = PBXFileReference; lastKnownFileType = text.plist.xml; path = Info.plist; sourceTree = "<group>"; };
		43F7425B19D9EFF000F6D8B0 /* main.m */ = {isa = PBXFileReference; lastKnownFileType = sourcecode.c.objc; path = main.m; sourceTree = "<group>"; };
		43F7425D19D9EFF000F6D8B0 /* AppDelegate.h */ = {isa = PBXFileReference; lastKnownFileType = sourcecode.c.h; path = AppDelegate.h; sourceTree = "<group>"; };
		43F7425E19D9EFF000F6D8B0 /* AppDelegate.m */ = {isa = PBXFileReference; lastKnownFileType = sourcecode.c.objc; path = AppDelegate.m; sourceTree = "<group>"; };
		43F7426019D9EFF000F6D8B0 /* GameScene.h */ = {isa = PBXFileReference; lastKnownFileType = sourcecode.c.h; path = GameScene.h; sourceTree = "<group>"; };
		43F7426119D9EFF000F6D8B0 /* GameScene.m */ = {isa = PBXFileReference; lastKnownFileType = sourcecode.c.objc; path = GameScene.m; sourceTree = "<group>"; };
		43F7426319D9EFF000F6D8B0 /* GameScene.sks */ = {isa = PBXFileReference; lastKnownFileType = file.sks; path = GameScene.sks; sourceTree = "<group>"; };
		43F7426519D9EFF000F6D8B0 /* GameViewController.h */ = {isa = PBXFileReference; lastKnownFileType = sourcecode.c.h; path = GameViewController.h; sourceTree = "<group>"; };
		43F7426619D9EFF000F6D8B0 /* GameViewController.m */ = {isa = PBXFileReference; lastKnownFileType = sourcecode.c.objc; path = GameViewController.m; sourceTree = "<group>"; };
		43F7426919D9EFF000F6D8B0 /* Base */ = {isa = PBXFileReference; lastKnownFileType = file.storyboard; name = Base; path = Base.lproj/Main.storyboard; sourceTree = "<group>"; };
		43F7426B19D9EFF000F6D8B0 /* Images.xcassets */ = {isa = PBXFileReference; lastKnownFileType = folder.assetcatalog; path = Images.xcassets; sourceTree = "<group>"; };
		43F7426E19D9EFF000F6D8B0 /* Base */ = {isa = PBXFileReference; lastKnownFileType = file.xib; name = Base; path = Base.lproj/LaunchScreen.xib; sourceTree = "<group>"; };
		43F7427419D9EFF000F6D8B0 /* Space CannonTests.xctest */ = {isa = PBXFileReference; explicitFileType = wrapper.cfbundle; includeInIndex = 0; path = "Space CannonTests.xctest"; sourceTree = BUILT_PRODUCTS_DIR; };
		43F7427919D9EFF000F6D8B0 /* Info.plist */ = {isa = PBXFileReference; lastKnownFileType = text.plist.xml; path = Info.plist; sourceTree = "<group>"; };
		43F7427A19D9EFF000F6D8B0 /* Space_CannonTests.m */ = {isa = PBXFileReference; lastKnownFileType = sourcecode.c.objc; path = Space_CannonTests.m; sourceTree = "<group>"; };
/* End PBXFileReference section */

/* Begin PBXFrameworksBuildPhase section */
		43F7425319D9EFF000F6D8B0 /* Frameworks */ = {
			isa = PBXFrameworksBuildPhase;
			buildActionMask = 2147483647;
			files = (
			);
			runOnlyForDeploymentPostprocessing = 0;
		};
		43F7427119D9EFF000F6D8B0 /* Frameworks */ = {
			isa = PBXFrameworksBuildPhase;
			buildActionMask = 2147483647;
			files = (
			);
			runOnlyForDeploymentPostprocessing = 0;
		};
/* End PBXFrameworksBuildPhase section */

/* Begin PBXGroup section */
		43F7424D19D9EFF000F6D8B0 = {
			isa = PBXGroup;
			children = (
				43F7425819D9EFF000F6D8B0 /* Space Cannon */,
				43F7427719D9EFF000F6D8B0 /* Space CannonTests */,
				43F7425719D9EFF000F6D8B0 /* Products */,
			);
			sourceTree = "<group>";
		};
		43F7425719D9EFF000F6D8B0 /* Products */ = {
			isa = PBXGroup;
			children = (
				43F7425619D9EFF000F6D8B0 /* Space Cannon.app */,
				43F7427419D9EFF000F6D8B0 /* Space CannonTests.xctest */,
			);
			name = Products;
			sourceTree = "<group>";
		};
		43F7425819D9EFF000F6D8B0 /* Space Cannon */ = {
			isa = PBXGroup;
			children = (
				43F7425D19D9EFF000F6D8B0 /* AppDelegate.h */,
				43F7425E19D9EFF000F6D8B0 /* AppDelegate.m */,
				43F7426019D9EFF000F6D8B0 /* GameScene.h */,
				43F7426119D9EFF000F6D8B0 /* GameScene.m */,
				43F7426319D9EFF000F6D8B0 /* GameScene.sks */,
				43F7426519D9EFF000F6D8B0 /* GameViewController.h */,
				43F7426619D9EFF000F6D8B0 /* GameViewController.m */,
				43F7426819D9EFF000F6D8B0 /* Main.storyboard */,
				43F7426B19D9EFF000F6D8B0 /* Images.xcassets */,
				43F7426D19D9EFF000F6D8B0 /* LaunchScreen.xib */,
				43F7425919D9EFF000F6D8B0 /* Supporting Files */,
			);
			path = "Space Cannon";
			sourceTree = "<group>";
		};
		43F7425919D9EFF000F6D8B0 /* Supporting Files */ = {
			isa = PBXGroup;
			children = (
				43F7425A19D9EFF000F6D8B0 /* Info.plist */,
				43F7425B19D9EFF000F6D8B0 /* main.m */,
			);
			name = "Supporting Files";
			sourceTree = "<group>";
		};
		43F7427719D9EFF000F6D8B0 /* Space CannonTests */ = {
			isa = PBXGroup;
			children = (
				43F7427A19D9EFF000F6D8B0 /* Space_CannonTests.m */,
				43F7427819D9EFF000F6D8B0 /* Supporting Files */,
			);
			path = "Space CannonTests";
			sourceTree = "<group>";
		};
		43F7427819D9EFF000F6D8B0 /* Supporting Files */ = {
			isa = PBXGroup;
			children = (
				43F7427919D9EFF000F6D8B0 /* Info.plist */,
			);
			name = "Supporting Files";
			sourceTree = "<group>";
		};
/* End PBXGroup section */

/* Begin PBXNativeTarget section */
		43F7425519D9EFF000F6D8B0 /* Space Cannon */ = {
			isa = PBXNativeTarget;
			buildConfigurationList = 43F7427E19D9EFF000F6D8B0 /* Build configuration list for PBXNativeTarget "Space Cannon" */;
			buildPhases = (
				43F7425219D9EFF000F6D8B0 /* Sources */,
				43F7425319D9EFF000F6D8B0 /* Frameworks */,
				43F7425419D9EFF000F6D8B0 /* Resources */,
			);
			buildRules = (
			);
			dependencies = (
			);
			name = "Space Cannon";
			productName = "Space Cannon";
			productReference = 43F7425619D9EFF000F6D8B0 /* Space Cannon.app */;
			productType = "com.apple.product-type.application";
		};
		43F7427319D9EFF000F6D8B0 /* Space CannonTests */ = {
			isa = PBXNativeTarget;
			buildConfigurationList = 43F7428119D9EFF000F6D8B0 /* Build configuration list for PBXNativeTarget "Space CannonTests" */;
			buildPhases = (
				43F7427019D9EFF000F6D8B0 /* Sources */,
				43F7427119D9EFF000F6D8B0 /* Frameworks */,
				43F7427219D9EFF000F6D8B0 /* Resources */,
			);
			buildRules = (
			);
			dependencies = (
				43F7427619D9EFF000F6D8B0 /* PBXTargetDependency */,
			);
			name = "Space CannonTests";
			productName = "Space CannonTests";
			productReference = 43F7427419D9EFF000F6D8B0 /* Space CannonTests.xctest */;
			productType = "com.apple.product-type.bundle.unit-test";
		};
/* End PBXNativeTarget section */

/* Begin PBXProject section */
		43F7424E19D9EFF000F6D8B0 /* Project object */ = {
			isa = PBXProject;
			attributes = {
				LastUpgradeCheck = 0600;
				ORGANIZATIONNAME = "Ankur Bhatia";
				TargetAttributes = {
					43F7425519D9EFF000F6D8B0 = {
						CreatedOnToolsVersion = 6.0.1;
					};
					43F7427319D9EFF000F6D8B0 = {
						CreatedOnToolsVersion = 6.0.1;
						TestTargetID = 43F7425519D9EFF000F6D8B0;
					};
				};
			};
			buildConfigurationList = 43F7425119D9EFF000F6D8B0 /* Build configuration list for PBXProject "Space Cannon" */;
			compatibilityVersion = "Xcode 3.2";
			developmentRegion = English;
			hasScannedForEncodings = 0;
			knownRegions = (
				en,
				Base,
			);
			mainGroup = 43F7424D19D9EFF000F6D8B0;
			productRefGroup = 43F7425719D9EFF000F6D8B0 /* Products */;
			projectDirPath = "";
			projectRoot = "";
			targets = (
				43F7425519D9EFF000F6D8B0 /* Space Cannon */,
				43F7427319D9EFF000F6D8B0 /* Space CannonTests */,
			);
		};
/* End PBXProject section */

/* Begin PBXResourcesBuildPhase section */
		43F7425419D9EFF000F6D8B0 /* Resources */ = {
			isa = PBXResourcesBuildPhase;
			buildActionMask = 2147483647;
			files = (
				43F7426F19D9EFF000F6D8B0 /* LaunchScreen.xib in Resources */,
				43F7426C19D9EFF000F6D8B0 /* Images.xcassets in Resources */,
				43F7426419D9EFF000F6D8B0 /* GameScene.sks in Resources */,
				43F7426A19D9EFF000F6D8B0 /* Main.storyboard in Resources */,
			);
			runOnlyForDeploymentPostprocessing = 0;
		};
		43F7427219D9EFF000F6D8B0 /* Resources */ = {
			isa = PBXResourcesBuildPhase;
			buildActionMask = 2147483647;
			files = (
			);
			runOnlyForDeploymentPostprocessing = 0;
		};
/* End PBXResourcesBuildPhase section */

/* Begin PBXSourcesBuildPhase section */
		43F7425219D9EFF000F6D8B0 /* Sources */ = {
			isa = PBXSourcesBuildPhase;
			buildActionMask = 2147483647;
			files = (
				43F7426719D9EFF000F6D8B0 /* GameViewController.m in Sources */,
				43F7425F19D9EFF000F6D8B0 /* AppDelegate.m in Sources */,
				43F7426219D9EFF000F6D8B0 /* GameScene.m in Sources */,
				43F7425C19D9EFF000F6D8B0 /* main.m in Sources */,
			);
			runOnlyForDeploymentPostprocessing = 0;
		};
		43F7427019D9EFF000F6D8B0 /* Sources */ = {
			isa = PBXSourcesBuildPhase;
			buildActionMask = 2147483647;
			files = (
				43F7427B19D9EFF000F6D8B0 /* Space_CannonTests.m in Sources */,
			);
			runOnlyForDeploymentPostprocessing = 0;
		};
/* End PBXSourcesBuildPhase section */

/* Begin PBXTargetDependency section */
		43F7427619D9EFF000F6D8B0 /* PBXTargetDependency */ = {
			isa = PBXTargetDependency;
			target = 43F7425519D9EFF000F6D8B0 /* Space Cannon */;
			targetProxy = 43F7427519D9EFF000F6D8B0 /* PBXContainerItemProxy */;
		};
/* End PBXTargetDependency section */

/* Begin PBXVariantGroup section */
		43F7426819D9EFF000F6D8B0 /* Main.storyboard */ = {
			isa = PBXVariantGroup;
			children = (
				43F7426919D9EFF000F6D8B0 /* Base */,
			);
			name = Main.storyboard;
			sourceTree = "<group>";
		};
		43F7426D19D9EFF000F6D8B0 /* LaunchScreen.xib */ = {
			isa = PBXVariantGroup;
			children = (
				43F7426E19D9EFF000F6D8B0 /* Base */,
			);
			name = LaunchScreen.xib;
			sourceTree = "<group>";
		};
/* End PBXVariantGroup section */

/* Begin XCBuildConfiguration section */
		43F7427C19D9EFF000F6D8B0 /* Debug */ = {
			isa = XCBuildConfiguration;
			buildSettings = {
				ALWAYS_SEARCH_USER_PATHS = NO;
				CLANG_CXX_LANGUAGE_STANDARD = "gnu++0x";
				CLANG_CXX_LIBRARY = "libc++";
				CLANG_ENABLE_MODULES = YES;
				CLANG_ENABLE_OBJC_ARC = YES;
				CLANG_WARN_BOOL_CONVERSION = YES;
				CLANG_WARN_CONSTANT_CONVERSION = YES;
				CLANG_WARN_DIRECT_OBJC_ISA_USAGE = YES_ERROR;
				CLANG_WARN_EMPTY_BODY = YES;
				CLANG_WARN_ENUM_CONVERSION = YES;
				CLANG_WARN_INT_CONVERSION = YES;
				CLANG_WARN_OBJC_ROOT_CLASS = YES_ERROR;
				CLANG_WARN_UNREACHABLE_CODE = YES;
				CLANG_WARN__DUPLICATE_METHOD_MATCH = YES;
				"CODE_SIGN_IDENTITY[sdk=iphoneos*]" = "iPhone Developer";
				COPY_PHASE_STRIP = NO;
				ENABLE_STRICT_OBJC_MSGSEND = YES;
				GCC_C_LANGUAGE_STANDARD = gnu99;
				GCC_DYNAMIC_NO_PIC = NO;
				GCC_OPTIMIZATION_LEVEL = 0;
				GCC_PREPROCESSOR_DEFINITIONS = (
					"DEBUG=1",
					"$(inherited)",
				);
				GCC_SYMBOLS_PRIVATE_EXTERN = NO;
				GCC_WARN_64_TO_32_BIT_CONVERSION = YES;
				GCC_WARN_ABOUT_RETURN_TYPE = YES_ERROR;
				GCC_WARN_UNDECLARED_SELECTOR = YES;
				GCC_WARN_UNINITIALIZED_AUTOS = YES_AGGRESSIVE;
				GCC_WARN_UNUSED_FUNCTION = YES;
				GCC_WARN_UNUSED_VARIABLE = YES;
				IPHONEOS_DEPLOYMENT_TARGET = 8.0;
				MTL_ENABLE_DEBUG_INFO = YES;
				ONLY_ACTIVE_ARCH = YES;
				SDKROOT = iphoneos;
			};
			name = Debug;
		};
		43F7427D19D9EFF000F6D8B0 /* Release */ = {
			isa = XCBuildConfiguration;
			buildSettings = {
				ALWAYS_SEARCH_USER_PATHS = NO;
				CLANG_CXX_LANGUAGE_STANDARD = "gnu++0x";
				CLANG_CXX_LIBRARY = "libc++";
				CLANG_ENABLE_MODULES = YES;
				CLANG_ENABLE_OBJC_ARC = YES;
				CLANG_WARN_BOOL_CONVERSION = YES;
				CLANG_WARN_CONSTANT_CONVERSION = YES;
				CLANG_WARN_DIRECT_OBJC_ISA_USAGE = YES_ERROR;
				CLANG_WARN_EMPTY_BODY = YES;
				CLANG_WARN_ENUM_CONVERSION = YES;
				CLANG_WARN_INT_CONVERSION = YES;
				CLANG_WARN_OBJC_ROOT_CLASS = YES_ERROR;
				CLANG_WARN_UNREACHABLE_CODE = YES;
				CLANG_WARN__DUPLICATE_METHOD_MATCH = YES;
				"CODE_SIGN_IDENTITY[sdk=iphoneos*]" = "iPhone Developer";
				COPY_PHASE_STRIP = YES;
				ENABLE_NS_ASSERTIONS = NO;
				ENABLE_STRICT_OBJC_MSGSEND = YES;
				GCC_C_LANGUAGE_STANDARD = gnu99;
				GCC_WARN_64_TO_32_BIT_CONVERSION = YES;
				GCC_WARN_ABOUT_RETURN_TYPE = YES_ERROR;
				GCC_WARN_UNDECLARED_SELECTOR = YES;
				GCC_WARN_UNINITIALIZED_AUTOS = YES_AGGRESSIVE;
				GCC_WARN_UNUSED_FUNCTION = YES;
				GCC_WARN_UNUSED_VARIABLE = YES;
				IPHONEOS_DEPLOYMENT_TARGET = 8.0;
				MTL_ENABLE_DEBUG_INFO = NO;
				SDKROOT = iphoneos;
				VALIDATE_PRODUCT = YES;
			};
			name = Release;
		};
		43F7427F19D9EFF000F6D8B0 /* Debug */ = {
			isa = XCBuildConfiguration;
			buildSettings = {
				ASSETCATALOG_COMPILER_APPICON_NAME = AppIcon;
				INFOPLIST_FILE = "Space Cannon/Info.plist";
				LD_RUNPATH_SEARCH_PATHS = "$(inherited) @executable_path/Frameworks";
				PRODUCT_NAME = "$(TARGET_NAME)";
			};
			name = Debug;
		};
		43F7428019D9EFF000F6D8B0 /* Release */ = {
			isa = XCBuildConfiguration;
			buildSettings = {
				ASSETCATALOG_COMPILER_APPICON_NAME = AppIcon;
				INFOPLIST_FILE = "Space Cannon/Info.plist";
				LD_RUNPATH_SEARCH_PATHS = "$(inherited) @executable_path/Frameworks";
				PRODUCT_NAME = "$(TARGET_NAME)";
			};
			name = Release;
		};
		43F7428219D9EFF000F6D8B0 /* Debug */ = {
			isa = XCBuildConfiguration;
			buildSettings = {
				BUNDLE_LOADER = "$(TEST_HOST)";
				FRAMEWORK_SEARCH_PATHS = (
					"$(SDKROOT)/Developer/Library/Frameworks",
					"$(inherited)",
				);
				GCC_PREPROCESSOR_DEFINITIONS = (
					"DEBUG=1",
					"$(inherited)",
				);
				INFOPLIST_FILE = "Space CannonTests/Info.plist";
				LD_RUNPATH_SEARCH_PATHS = "$(inherited) @executable_path/Frameworks @loader_path/Frameworks";
				PRODUCT_NAME = "$(TARGET_NAME)";
				TEST_HOST = "$(BUILT_PRODUCTS_DIR)/Space Cannon.app/Space Cannon";
			};
			name = Debug;
		};
		43F7428319D9EFF000F6D8B0 /* Release */ = {
			isa = XCBuildConfiguration;
			buildSettings = {
				BUNDLE_LOADER = "$(TEST_HOST)";
				FRAMEWORK_SEARCH_PATHS = (
					"$(SDKROOT)/Developer/Library/Frameworks",
					"$(inherited)",
				);
				INFOPLIST_FILE = "Space CannonTests/Info.plist";
				LD_RUNPATH_SEARCH_PATHS = "$(inherited) @executable_path/Frameworks @loader_path/Frameworks";
				PRODUCT_NAME = "$(TARGET_NAME)";
				TEST_HOST = "$(BUILT_PRODUCTS_DIR)/Space Cannon.app/Space Cannon";
			};
			name = Release;
		};
/* End XCBuildConfiguration section */

/* Begin XCConfigurationList section */
		43F7425119D9EFF000F6D8B0 /* Build configuration list for PBXProject "Space Cannon" */ = {
			isa = XCConfigurationList;
			buildConfigurations = (
				43F7427C19D9EFF000F6D8B0 /* Debug */,
				43F7427D19D9EFF000F6D8B0 /* Release */,
			);
			defaultConfigurationIsVisible = 0;
			defaultConfigurationName = Release;
		};
		43F7427E19D9EFF000F6D8B0 /* Build configuration list for PBXNativeTarget "Space Cannon" */ = {
			isa = XCConfigurationList;
			buildConfigurations = (
				43F7427F19D9EFF000F6D8B0 /* Debug */,
				43F7428019D9EFF000F6D8B0 /* Release */,
			);
			defaultConfigurationIsVisible = 0;
		};
		43F7428119D9EFF000F6D8B0 /* Build configuration list for PBXNativeTarget "Space CannonTests" */ = {
			isa = XCConfigurationList;
			buildConfigurations = (
				43F7428219D9EFF000F6D8B0 /* Debug */,
				43F7428319D9EFF000F6D8B0 /* Release */,
			);
			defaultConfigurationIsVisible = 0;
		};
/* End XCConfigurationList section */
	};
	rootObject = 43F7424E19D9EFF000F6D8B0 /* Project object */;
}
